// !$*UTF8*$!
{
	archiveVersion = 1;
	classes = {};
	objectVersion = 77;
	objects = {

/* Begin PBXBuildFile section */
		B1000000000000000000000B /* SchonErledigtWidget.appex in Embed App Extensions */ = {isa = PBXBuildFile; fileRef = B10000000000000000000001 /* SchonErledigtWidget.appex */; settings = {ATTRIBUTES = (RemoveHeadersOnCopy, ); }; };
/* End PBXBuildFile section */
/* Begin PBXContainerItemProxy section */
		B1000000000000000000000C = {isa = PBXContainerItemProxy; containerPortal = A10000000000000000000009; proxyType = 1; remoteGlobalIDString = B10000000000000000000006; remoteInfo = SchonErledigtWidget; };
		C1000000000000000000000A = {isa = PBXContainerItemProxy; containerPortal = A10000000000000000000009; proxyType = 1; remoteGlobalIDString = A10000000000000000000006; remoteInfo = SchonErledigt; };
/* End PBXContainerItemProxy section */
/* Begin PBXCopyFilesBuildPhase section */
		B1000000000000000000000A /* Embed App Extensions */ = {isa = PBXCopyFilesBuildPhase; buildActionMask = 2147483647; dstPath = ""; dstSubfolderSpec = 13; files = (B1000000000000000000000B, ); name = "Embed App Extensions"; runOnlyForDeploymentPostprocessing = 0; };
/* End PBXCopyFilesBuildPhase section */
/* Begin PBXFileReference section */
		A10000000000000000000001 /* SchonErledigt.app */ = {isa = PBXFileReference; explicitFileType = wrapper.application; includeInIndex = 0; path = SchonErledigt.app; sourceTree = BUILT_PRODUCTS_DIR; };
		B10000000000000000000001 /* SchonErledigtWidget.appex */ = {isa = PBXFileReference; explicitFileType = "wrapper.app-extension"; includeInIndex = 0; path = SchonErledigtWidget.appex; sourceTree = BUILT_PRODUCTS_DIR; };
		C10000000000000000000001 /* SchonErledigtTests.xctest */ = {isa = PBXFileReference; explicitFileType = wrapper.cfbundle; includeInIndex = 0; path = SchonErledigtTests.xctest; sourceTree = BUILT_PRODUCTS_DIR; };
/* End PBXFileReference section */
/* Begin PBXFileSystemSynchronizedBuildFileExceptionSet section */
		B1000000000000000000000E /* Exceptions for "SchonErledigtWidget" folder in "SchonErledigtWidget" target */ = {
			isa = PBXFileSystemSynchronizedBuildFileExceptionSet;
			membershipExceptions = (
				Info.plist,
			);
			target = B10000000000000000000006 /* SchonErledigtWidget */;
		};
/* End PBXFileSystemSynchronizedBuildFileExceptionSet section */
/* Begin PBXFileSystemSynchronizedRootGroup section */
		A10000000000000000000002 = {isa = PBXFileSystemSynchronizedRootGroup; path = SchonErledigt; sourceTree = "<group>"; };
		B10000000000000000000002 = {isa = PBXFileSystemSynchronizedRootGroup; exceptions = (B1000000000000000000000E, ); path = SchonErledigtWidget; sourceTree = "<group>"; };
		C10000000000000000000002 = {isa = PBXFileSystemSynchronizedRootGroup; path = SchonErledigtTests; sourceTree = "<group>"; };
/* End PBXFileSystemSynchronizedRootGroup section */
/* Begin PBXFrameworksBuildPhase section */
		A10000000000000000000003 = {isa = PBXFrameworksBuildPhase; buildActionMask = 2147483647; files = (); runOnlyForDeploymentPostprocessing = 0; };
		B10000000000000000000003 = {isa = PBXFrameworksBuildPhase; buildActionMask = 2147483647; files = (); runOnlyForDeploymentPostprocessing = 0; };
		C10000000000000000000003 = {isa = PBXFrameworksBuildPhase; buildActionMask = 2147483647; files = (); runOnlyForDeploymentPostprocessing = 0; };
/* End PBXFrameworksBuildPhase section */
/* Begin PBXGroup section */
		A10000000000000000000004 = {isa = PBXGroup; children = (A10000000000000000000002, B10000000000000000000002, C10000000000000000000002, A10000000000000000000005, ); sourceTree = "<group>"; };
		A10000000000000000000005 = {isa = PBXGroup; children = (A10000000000000000000001, B10000000000000000000001, C10000000000000000000001, ); name = Products; sourceTree = "<group>"; };
/* End PBXGroup section */
/* Begin PBXNativeTarget section */
		A10000000000000000000006 /* SchonErledigt */ = {isa = PBXNativeTarget; buildConfigurationList = A1000000000000000000000A; buildPhases = (A10000000000000000000007, A10000000000000000000003, A10000000000000000000008, B1000000000000000000000A, ); buildRules = (); dependencies = (B1000000000000000000000D, ); fileSystemSynchronizedGroups = (A10000000000000000000002, ); name = SchonErledigt; packageProductDependencies = (); productName = SchonErledigt; productReference = A10000000000000000000001; productType = "com.apple.product-type.application"; };
		B10000000000000000000006 /* SchonErledigtWidget */ = {isa = PBXNativeTarget; buildConfigurationList = B10000000000000000000007; buildPhases = (B10000000000000000000004, B10000000000000000000003, B10000000000000000000005, ); buildRules = (); dependencies = (); fileSystemSynchronizedGroups = (B10000000000000000000002, ); name = SchonErledigtWidget; packageProductDependencies = (); productName = SchonErledigtWidget; productReference = B10000000000000000000001; productType = "com.apple.product-type.app-extension"; };
		C10000000000000000000006 /* SchonErledigtTests */ = {isa = PBXNativeTarget; buildConfigurationList = C10000000000000000000007; buildPhases = (C10000000000000000000004, C10000000000000000000003, C10000000000000000000005, ); buildRules = (); dependencies = (C1000000000000000000000B, ); fileSystemSynchronizedGroups = (C10000000000000000000002, ); name = SchonErledigtTests; packageProductDependencies = (); productName = SchonErledigtTests; productReference = C10000000000000000000001; productType = "com.apple.product-type.bundle.unit-test"; };
/* End PBXNativeTarget section */
/* Begin PBXProject section */
		A10000000000000000000009 = {isa = PBXProject; attributes = {BuildIndependentTargetsInParallel = 1; LastSwiftUpdateCheck = 1600; LastUpgradeCheck = 1600; TargetAttributes = {A10000000000000000000006 = {CreatedOnToolsVersion = 16.0;}; B10000000000000000000006 = {CreatedOnToolsVersion = 16.0;}; C10000000000000000000006 = {CreatedOnToolsVersion = 16.0; TestTargetID = A10000000000000000000006;}; }; }; buildConfigurationList = A1000000000000000000000B; compatibilityVersion = "Xcode 16.0"; developmentRegion = de; hasScannedForEncodings = 0; knownRegions = (de, en, Base, ); mainGroup = A10000000000000000000004; minimizedProjectReferenceProxies = 1; preferredProjectObjectVersion = 77; productRefGroup = A10000000000000000000005; projectDirPath = ""; projectRoot = ""; targets = (A10000000000000000000006, B10000000000000000000006, C10000000000000000000006, ); };
/* End PBXProject section */
/* Begin PBXResourcesBuildPhase section */
		A10000000000000000000008 = {isa = PBXResourcesBuildPhase; buildActionMask = 2147483647; files = (); runOnlyForDeploymentPostprocessing = 0; };
		B10000000000000000000005 = {isa = PBXResourcesBuildPhase; buildActionMask = 2147483647; files = (); runOnlyForDeploymentPostprocessing = 0; };
		C10000000000000000000005 = {isa = PBXResourcesBuildPhase; buildActionMask = 2147483647; files = (); runOnlyForDeploymentPostprocessing = 0; };
/* End PBXResourcesBuildPhase section */
/* Begin PBXSourcesBuildPhase section */
		A10000000000000000000007 = {isa = PBXSourcesBuildPhase; buildActionMask = 2147483647; files = (); runOnlyForDeploymentPostprocessing = 0; };
		B10000000000000000000004 = {isa = PBXSourcesBuildPhase; buildActionMask = 2147483647; files = (); runOnlyForDeploymentPostprocessing = 0; };
		C10000000000000000000004 = {isa = PBXSourcesBuildPhase; buildActionMask = 2147483647; files = (); runOnlyForDeploymentPostprocessing = 0; };
/* End PBXSourcesBuildPhase section */
/* Begin PBXTargetDependency section */
		B1000000000000000000000D = {isa = PBXTargetDependency; target = B10000000000000000000006; targetProxy = B1000000000000000000000C; };
		C1000000000000000000000B = {isa = PBXTargetDependency; target = A10000000000000000000006; targetProxy = C1000000000000000000000A; };
/* End PBXTargetDependency section */
/* Begin XCBuildConfiguration section */
		A1000000000000000000000C = {isa = XCBuildConfiguration; buildSettings = {ALWAYS_SEARCH_USER_PATHS = NO; CLANG_ENABLE_MODULES = YES; CLANG_ENABLE_OBJC_ARC = YES; CLANG_WARN_DOCUMENTATION_COMMENTS = YES; COPY_PHASE_STRIP = NO; DEBUG_INFORMATION_FORMAT = dwarf; ENABLE_TESTABILITY = YES; GCC_C_LANGUAGE_STANDARD = gnu17; GCC_OPTIMIZATION_LEVEL = 0; ONLY_ACTIVE_ARCH = YES; SWIFT_ACTIVE_COMPILATION_CONDITIONS = "DEBUG $(inherited)"; SWIFT_OPTIMIZATION_LEVEL = "-Onone"; }; name = Debug; };
		A1000000000000000000000D = {isa = XCBuildConfiguration; buildSettings = {ALWAYS_SEARCH_USER_PATHS = NO; CLANG_ENABLE_MODULES = YES; CLANG_ENABLE_OBJC_ARC = YES; CLANG_WARN_DOCUMENTATION_COMMENTS = YES; COPY_PHASE_STRIP = YES; DEBUG_INFORMATION_FORMAT = "dwarf-with-dsym"; GCC_C_LANGUAGE_STANDARD = gnu17; SWIFT_COMPILATION_MODE = wholemodule; }; name = Release; };
		A1000000000000000000000E = {isa = XCBuildConfiguration; buildSettings = {ASSETCATALOG_COMPILER_APPICON_NAME = AppIcon; ASSETCATALOG_COMPILER_GLOBAL_ACCENT_COLOR_NAME = AccentColor; CODE_SIGN_ENTITLEMENTS = SchonErledigt/SchonErledigt.entitlements; CODE_SIGN_STYLE = Automatic; CURRENT_PROJECT_VERSION = 1; DEVELOPMENT_TEAM = ""; GENERATE_INFOPLIST_FILE = YES; INFOPLIST_KEY_CFBundleDisplayName = "Schon erledigt?"; INFOPLIST_KEY_CKSharingSupported = YES; INFOPLIST_KEY_LSApplicationCategoryType = "public.app-category.lifestyle"; INFOPLIST_KEY_NSCameraUsageDescription = "Mit der Kamera kannst du optional einen privaten Fotobeleg zu einer Bestätigung speichern."; INFOPLIST_KEY_NSPhotoLibraryUsageDescription = "Wähle optional ein Foto als privaten Beleg für eine Bestätigung aus."; INFOPLIST_KEY_UIApplicationSceneManifest_Generation = YES; INFOPLIST_KEY_UIApplicationSupportsIndirectInputEvents = YES; INFOPLIST_KEY_UILaunchScreen_Generation = YES; INFOPLIST_KEY_UISupportedInterfaceOrientations_iPhone = UIInterfaceOrientationPortrait; IPHONEOS_DEPLOYMENT_TARGET = 18.0; MARKETING_VERSION = 1.0.0; PRODUCT_BUNDLE_IDENTIFIER = com.kamilunavo.schon-erledigt; PRODUCT_NAME = "$(TARGET_NAME)"; SUPPORTED_PLATFORMS = "iphoneos iphonesimulator"; SUPPORTS_MACCATALYST = NO; SUPPORTS_XR_DESIGNED_FOR_IPHONE_IPAD = NO; SWIFT_EMIT_LOC_STRINGS = YES; SWIFT_VERSION = 5.0; TARGETED_DEVICE_FAMILY = 1; }; name = Debug; };
		A1000000000000000000000F = {isa = XCBuildConfiguration; buildSettings = {ASSETCATALOG_COMPILER_APPICON_NAME = AppIcon; ASSETCATALOG_COMPILER_GLOBAL_ACCENT_COLOR_NAME = AccentColor; CODE_SIGN_ENTITLEMENTS = SchonErledigt/SchonErledigt.entitlements; CODE_SIGN_STYLE = Automatic; CURRENT_PROJECT_VERSION = 1; DEVELOPMENT_TEAM = ""; GENERATE_INFOPLIST_FILE = YES; INFOPLIST_KEY_CFBundleDisplayName = "Schon erledigt?"; INFOPLIST_KEY_CKSharingSupported = YES; INFOPLIST_KEY_LSApplicationCategoryType = "public.app-category.lifestyle"; INFOPLIST_KEY_NSCameraUsageDescription = "Mit der Kamera kannst du optional einen privaten Fotobeleg zu einer Bestätigung speichern."; INFOPLIST_KEY_NSPhotoLibraryUsageDescription = "Wähle optional ein Foto als privaten Beleg für eine Bestätigung aus."; INFOPLIST_KEY_UIApplicationSceneManifest_Generation = YES; INFOPLIST_KEY_UIApplicationSupportsIndirectInputEvents = YES; INFOPLIST_KEY_UILaunchScreen_Generation = YES; INFOPLIST_KEY_UISupportedInterfaceOrientations_iPhone = UIInterfaceOrientationPortrait; IPHONEOS_DEPLOYMENT_TARGET = 18.0; MARKETING_VERSION = 1.0.0; PRODUCT_BUNDLE_IDENTIFIER = com.kamilunavo.schon-erledigt; PRODUCT_NAME = "$(TARGET_NAME)"; SUPPORTED_PLATFORMS = "iphoneos iphonesimulator"; SUPPORTS_MACCATALYST = NO; SUPPORTS_XR_DESIGNED_FOR_IPHONE_IPAD = NO; SWIFT_EMIT_LOC_STRINGS = YES; SWIFT_VERSION = 5.0; TARGETED_DEVICE_FAMILY = 1; }; name = Release; };
		B10000000000000000000008 = {isa = XCBuildConfiguration; buildSettings = {APPLICATION_EXTENSION_API_ONLY = YES; APPINTENTS_ENABLE_FLEXIBLE_MATCHING = NO; CODE_SIGN_ENTITLEMENTS = SchonErledigtWidget/SchonErledigtWidget.entitlements; CODE_SIGN_STYLE = Automatic; CURRENT_PROJECT_VERSION = 1; DEVELOPMENT_TEAM = ""; GENERATE_INFOPLIST_FILE = NO; INFOPLIST_FILE = SchonErledigtWidget/Info.plist; IPHONEOS_DEPLOYMENT_TARGET = 18.0; MARKETING_VERSION = 1.0.0; PRODUCT_BUNDLE_IDENTIFIER = com.kamilunavo.schon-erledigt.widget; PRODUCT_NAME = "$(TARGET_NAME)"; SKIP_INSTALL = YES; SUPPORTED_PLATFORMS = "iphoneos iphonesimulator"; SWIFT_VERSION = 5.0; TARGETED_DEVICE_FAMILY = 1; }; name = Debug; };
		B10000000000000000000009 = {isa = XCBuildConfiguration; buildSettings = {APPLICATION_EXTENSION_API_ONLY = YES; APPINTENTS_ENABLE_FLEXIBLE_MATCHING = NO; CODE_SIGN_ENTITLEMENTS = SchonErledigtWidget/SchonErledigtWidget.entitlements; CODE_SIGN_STYLE = Automatic; CURRENT_PROJECT_VERSION = 1; DEVELOPMENT_TEAM = ""; GENERATE_INFOPLIST_FILE = NO; INFOPLIST_FILE = SchonErledigtWidget/Info.plist; IPHONEOS_DEPLOYMENT_TARGET = 18.0; MARKETING_VERSION = 1.0.0; PRODUCT_BUNDLE_IDENTIFIER = com.kamilunavo.schon-erledigt.widget; PRODUCT_NAME = "$(TARGET_NAME)"; SKIP_INSTALL = YES; SUPPORTED_PLATFORMS = "iphoneos iphonesimulator"; SWIFT_VERSION = 5.0; TARGETED_DEVICE_FAMILY = 1; }; name = Release; };
		C10000000000000000000008 = {isa = XCBuildConfiguration; buildSettings = {BUNDLE_LOADER = "$(TEST_HOST)"; CODE_SIGN_STYLE = Automatic; CURRENT_PROJECT_VERSION = 1; DEVELOPMENT_TEAM = ""; GENERATE_INFOPLIST_FILE = YES; IPHONEOS_DEPLOYMENT_TARGET = 18.0; MARKETING_VERSION = 1.0.0; PRODUCT_BUNDLE_IDENTIFIER = com.kamilunavo.schon-erledigt.tests; PRODUCT_NAME = "$(TARGET_NAME)"; SWIFT_VERSION = 5.0; TARGETED_DEVICE_FAMILY = 1; TEST_HOST = "$(BUILT_PRODUCTS_DIR)/SchonErledigt.app/$(BUNDLE_EXECUTABLE_FOLDER_PATH)/SchonErledigt"; }; name = Debug; };
		C10000000000000000000009 = {isa = XCBuildConfiguration; buildSettings = {BUNDLE_LOADER = "$(TEST_HOST)"; CODE_SIGN_STYLE = Automatic; CURRENT_PROJECT_VERSION = 1; DEVELOPMENT_TEAM = ""; GENERATE_INFOPLIST_FILE = YES; IPHONEOS_DEPLOYMENT_TARGET = 18.0; MARKETING_VERSION = 1.0.0; PRODUCT_BUNDLE_IDENTIFIER = com.kamilunavo.schon-erledigt.tests; PRODUCT_NAME = "$(TARGET_NAME)"; SWIFT_VERSION = 5.0; TARGETED_DEVICE_FAMILY = 1; TEST_HOST = "$(BUILT_PRODUCTS_DIR)/SchonErledigt.app/$(BUNDLE_EXECUTABLE_FOLDER_PATH)/SchonErledigt"; }; name = Release; };
/* End XCBuildConfiguration section */
/* Begin XCConfigurationList section */
		A1000000000000000000000A = {isa = XCConfigurationList; buildConfigurations = (A1000000000000000000000E, A1000000000000000000000F, ); defaultConfigurationIsVisible = 0; defaultConfigurationName = Release; };
		A1000000000000000000000B = {isa = XCConfigurationList; buildConfigurations = (A1000000000000000000000C, A1000000000000000000000D, ); defaultConfigurationIsVisible = 0; defaultConfigurationName = Release; };
		B10000000000000000000007 = {isa = XCConfigurationList; buildConfigurations = (B10000000000000000000008, B10000000000000000000009, ); defaultConfigurationIsVisible = 0; defaultConfigurationName = Release; };
		C10000000000000000000007 = {isa = XCConfigurationList; buildConfigurations = (C10000000000000000000008, C10000000000000000000009, ); defaultConfigurationIsVisible = 0; defaultConfigurationName = Release; };
/* End XCConfigurationList section */
	};
	rootObject = A10000000000000000000009;
}
